
Microsoft Visual Studio Solution File, Format Version 12.00
# Visual Studio 2013
VisualStudioVersion = 12.0.21005.1
MinimumVisualStudioVersion = 10.0.40219.1
Project("{FAE04EC0-301F-11D3-BF4B-00C04F79EFBC}") = "MetaCode.Compiler", "MetaCode.Compiler\MetaCode.Compiler.csproj", "{4FDBE36F-0E31-4ED1-87A0-3A63A4151BE2}"
EndProject
Project("{FAE04EC0-301F-11D3-BF4B-00C04F79EFBC}") = "MetaCode.Compiler.Tests", "MetaCode.Compiler.Tests\MetaCode.Compiler.Tests.csproj", "{FCAF7D34-A84D-4870-A77B-9BB8EF342B20}"
EndProject
Project("{FAE04EC0-301F-11D3-BF4B-00C04F79EFBC}") = "MetaCode.Core", "MetaCode.Core\MetaCode.Core.csproj", "{838E8EE6-AAC1-4B4F-899A-F1978AFCF2E3}"
EndProject
Project("{FAE04EC0-301F-11D3-BF4B-00C04F79EFBC}") = "MetaCode.CodeVisualizer", "MetaCode.CodeVisualizer\MetaCode.CodeVisualizer.csproj", "{8FA5FC15-2A2D-4DCD-A8CD-8664B0EFCBAA}"
EndProject
Global
	GlobalSection(SolutionConfigurationPlatforms) = preSolution
		Debug|Any CPU = Debug|Any CPU
		Release|Any CPU = Release|Any CPU
	EndGlobalSection
	GlobalSection(ProjectConfigurationPlatforms) = postSolution
		{4FDBE36F-0E31-4ED1-87A0-3A63A4151BE2}.Debug|Any CPU.ActiveCfg = Debug|Any CPU
		{4FDBE36F-0E31-4ED1-87A0-3A63A4151BE2}.Debug|Any CPU.Build.0 = Debug|Any CPU
		{4FDBE36F-0E31-4ED1-87A0-3A63A4151BE2}.Release|Any CPU.ActiveCfg = Release|Any CPU
		{4FDBE36F-0E31-4ED1-87A0-3A63A4151BE2}.Release|Any CPU.Build.0 = Release|Any CPU
		{FCAF7D34-A84D-4870-A77B-9BB8EF342B20}.Debug|Any CPU.ActiveCfg = Debug|Any CPU
		{FCAF7D34-A84D-4870-A77B-9BB8EF342B20}.Debug|Any CPU.Build.0 = Debug|Any CPU
		{FCAF7D34-A84D-4870-A77B-9BB8EF342B20}.Release|Any CPU.ActiveCfg = Release|Any CPU
		{FCAF7D34-A84D-4870-A77B-9BB8EF342B20}.Release|Any CPU.Build.0 = Release|Any CPU
		{838E8EE6-AAC1-4B4F-899A-F1978AFCF2E3}.Debug|Any CPU.ActiveCfg = Debug|Any CPU
		{838E8EE6-AAC1-4B4F-899A-F1978AFCF2E3}.Debug|Any CPU.Build.0 = Debug|Any CPU
		{838E8EE6-AAC1-4B4F-899A-F1978AFCF2E3}.Release|Any CPU.ActiveCfg = Release|Any CPU
		{838E8EE6-AAC1-4B4F-899A-F1978AFCF2E3}.Release|Any CPU.Build.0 = Release|Any CPU
		{8FA5FC15-2A2D-4DCD-A8CD-8664B0EFCBAA}.Debug|Any CPU.ActiveCfg = Debug|Any CPU
		{8FA5FC15-2A2D-4DCD-A8CD-8664B0EFCBAA}.Debug|Any CPU.Build.0 = Debug|Any CPU
		{8FA5FC15-2A2D-4DCD-A8CD-8664B0EFCBAA}.Release|Any CPU.ActiveCfg = Release|Any CPU
		{8FA5FC15-2A2D-4DCD-A8CD-8664B0EFCBAA}.Release|Any CPU.Build.0 = Release|Any CPU
	EndGlobalSection
	GlobalSection(SolutionProperties) = preSolution
		HideSolutionNode = FALSE
	EndGlobalSection
EndGlobal
